
Microsoft Visual Studio Solution File, Format Version 12.00
# Visual Studio Version 17
VisualStudioVersion = 17.7.34024.191
MinimumVisualStudioVersion = 10.0.40219.1
Project("{FAE04EC0-301F-11D3-BF4B-00C04F79EFBC}") = "Cinema", "Cinema\Cinema.csproj", "{AEE9C264-7EF6-4871-BCCD-6C412988869B}"
EndProject
Global
	GlobalSection(SolutionConfigurationPlatforms) = preSolution
		Debug|Any CPU = Debug|Any CPU
		Release|Any CPU = Release|Any CPU
	EndGlobalSection
	GlobalSection(ProjectConfigurationPlatforms) = postSolution
		{AEE9C264-7EF6-4871-BCCD-6C412988869B}.Debug|Any CPU.ActiveCfg = Debug|Any CPU
		{AEE9C264-7EF6-4871-BCCD-6C412988869B}.Debug|Any CPU.Build.0 = Debug|Any CPU
		{AEE9C264-7EF6-4871-BCCD-6C412988869B}.Release|Any CPU.ActiveCfg = Release|Any CPU
		{AEE9C264-7EF6-4871-BCCD-6C412988869B}.Release|Any CPU.Build.0 = Release|Any CPU
	EndGlobalSection
	GlobalSection(SolutionProperties) = preSolution
		HideSolutionNode = FALSE
	EndGlobalSection
	GlobalSection(ExtensibilityGlobals) = postSolution
		SolutionGuid = {BE02F2AD-815B-43FF-B868-A0BE34F010DA}
	EndGlobalSection
EndGlobal
